{
  "bin/bundle:247448467": [
    [64, 5, 20, "ThreadSafety/ClassInstanceVariable: Avoid class instance variables.", 2485198147]
  ],
  "lib/rspec/pending_for/build.rb:2583233463": [
    [107, 17, 38, "Style/ComparableBetween: Prefer `current_gemv.between?(b, e)` over logical comparison.", 2223453186],
    [113, 17, 40, "Style/ComparableBetween: Prefer `current_major.between?(b, e)` over logical comparison.", 1125480098]
  ],
  "spec/rspec/minor_version_matching_spec.rb:3872953912": [
    [3, 16, 49, "RSpec/DescribeClass: The first argument to describe should be the class or module being tested.", 3126525521],
    [6, 5, 74, "RSpec/LeakyConstantDeclaration: Stub module constant instead of declaring explicitly.", 1925060230],
    [7, 7, 47, "RSpec/LeakyConstantDeclaration: Stub module constant instead of declaring explicitly.", 1366156481],
    [17, 36, 7, "RSpec/MessageSpies: Prefer `have_received` for setting message expectations. Setup `described_class` as a spy using `allow` or `instance_spy`.", 1384559950],
    [23, 36, 7, "RSpec/MessageSpies: Prefer `have_received` for setting message expectations. Setup `described_class` as a spy using `allow` or `instance_spy`.", 1384559950],
    [29, 40, 7, "RSpec/MessageSpies: Prefer `have_received` for setting message expectations. Setup `described_class` as a spy using `allow` or `instance_spy`.", 1384559950],
    [36, 36, 7, "RSpec/MessageSpies: Prefer `have_received` for setting message expectations. Setup `described_class` as a spy using `allow` or `instance_spy`.", 1384559950]
  ],
  "spec/rspec/pending_for/build_spec.rb:1969401399": [
    [63, 13, 24, "RSpec/ContextWording: Context description should match /^when\\b/, /^with\\b/, or /^without\\b/.", 408355943],
    [68, 15, 25, "RSpec/ContextWording: Context description should match /^when\\b/, /^with\\b/, or /^without\\b/.", 2840368563],
    [74, 15, 32, "RSpec/ContextWording: Context description should match /^when\\b/, /^with\\b/, or /^without\\b/.", 4291231789],
    [81, 13, 25, "RSpec/ContextWording: Context description should match /^when\\b/, /^with\\b/, or /^without\\b/.", 2840368563],
    [87, 13, 32, "RSpec/ContextWording: Context description should match /^when\\b/, /^with\\b/, or /^without\\b/.", 4291231789],
    [93, 13, 31, "RSpec/ContextWording: Context description should match /^when\\b/, /^with\\b/, or /^without\\b/.", 1078486521]
  ],
  "spec/rspec/pending_for_spec.rb:3062185187": [
    [5, 3, 66, "RSpec/LeakyConstantDeclaration: Stub module constant instead of declaring explicitly.", 1909917830],
    [6, 5, 43, "RSpec/LeakyConstantDeclaration: Stub module constant instead of declaring explicitly.", 329490497],
    [16, 13, 14, "RSpec/ContextWording: Context description should match /^when\\b/, /^with\\b/, or /^without\\b/.", 1341772134],
    [25, 36, 7, "RSpec/MessageSpies: Prefer `have_received` for setting message expectations. Setup `described_class` as a spy using `allow` or `instance_spy`.", 1384559950],
    [31, 40, 7, "RSpec/MessageSpies: Prefer `have_received` for setting message expectations. Setup `described_class` as a spy using `allow` or `instance_spy`.", 1384559950],
    [37, 15, 8, "RSpec/ContextWording: Context description should match /^when\\b/, /^with\\b/, or /^without\\b/.", 2080236924],
    [45, 40, 7, "RSpec/MessageSpies: Prefer `have_received` for setting message expectations. Setup `described_class` as a spy using `allow` or `instance_spy`.", 1384559950],
    [51, 44, 7, "RSpec/MessageSpies: Prefer `have_received` for setting message expectations. Setup `described_class` as a spy using `allow` or `instance_spy`.", 1384559950],
    [57, 15, 16, "RSpec/ContextWording: Context description should match /^when\\b/, /^with\\b/, or /^without\\b/.", 3664674875],
    [60, 42, 7, "RSpec/MessageSpies: Prefer `have_received` for setting message expectations. Setup `described_class` as a spy using `allow` or `instance_spy`.", 1384559950],
    [67, 40, 7, "RSpec/MessageSpies: Prefer `have_received` for setting message expectations. Setup `described_class` as a spy using `allow` or `instance_spy`.", 1384559950],
    [73, 44, 7, "RSpec/MessageSpies: Prefer `have_received` for setting message expectations. Setup `described_class` as a spy using `allow` or `instance_spy`.", 1384559950],
    [79, 15, 11, "RSpec/ContextWording: Context description should match /^when\\b/, /^with\\b/, or /^without\\b/.", 1437016546],
    [82, 17, 20, "RSpec/ContextWording: Context description should match /^when\\b/, /^with\\b/, or /^without\\b/.", 3485225367],
    [84, 40, 7, "RSpec/MessageSpies: Prefer `have_received` for setting message expectations. Setup `described_class` as a spy using `allow` or `instance_spy`.", 1384559950],
    [88, 19, 12, "RSpec/ContextWording: Context description should match /^when\\b/, /^with\\b/, or /^without\\b/.", 124201728],
    [91, 42, 7, "RSpec/MessageSpies: Prefer `have_received` for setting message expectations. Setup `described_class` as a spy using `allow` or `instance_spy`.", 1384559950],
    [97, 46, 7, "RSpec/MessageSpies: Prefer `have_received` for setting message expectations. Setup `described_class` as a spy using `allow` or `instance_spy`.", 1384559950],
    [103, 17, 24, "RSpec/ContextWording: Context description should match /^when\\b/, /^with\\b/, or /^without\\b/.", 487865602],
    [105, 44, 7, "RSpec/MessageSpies: Prefer `have_received` for setting message expectations. Setup `described_class` as a spy using `allow` or `instance_spy`.", 1384559950],
    [109, 19, 12, "RSpec/ContextWording: Context description should match /^when\\b/, /^with\\b/, or /^without\\b/.", 124201728],
    [112, 46, 7, "RSpec/MessageSpies: Prefer `have_received` for setting message expectations. Setup `described_class` as a spy using `allow` or `instance_spy`.", 1384559950],
    [118, 46, 7, "RSpec/MessageSpies: Prefer `have_received` for setting message expectations. Setup `described_class` as a spy using `allow` or `instance_spy`.", 1384559950],
    [125, 15, 21, "RSpec/ContextWording: Context description should match /^when\\b/, /^with\\b/, or /^without\\b/.", 880386561],
    [128, 17, 20, "RSpec/ContextWording: Context description should match /^when\\b/, /^with\\b/, or /^without\\b/.", 3485225367],
    [130, 40, 7, "RSpec/MessageSpies: Prefer `have_received` for setting message expectations. Setup `described_class` as a spy using `allow` or `instance_spy`.", 1384559950],
    [134, 19, 12, "RSpec/ContextWording: Context description should match /^when\\b/, /^with\\b/, or /^without\\b/.", 124201728],
    [137, 42, 7, "RSpec/MessageSpies: Prefer `have_received` for setting message expectations. Setup `described_class` as a spy using `allow` or `instance_spy`.", 1384559950],
    [143, 46, 7, "RSpec/MessageSpies: Prefer `have_received` for setting message expectations. Setup `described_class` as a spy using `allow` or `instance_spy`.", 1384559950],
    [149, 17, 24, "RSpec/ContextWording: Context description should match /^when\\b/, /^with\\b/, or /^without\\b/.", 487865602],
    [151, 44, 7, "RSpec/MessageSpies: Prefer `have_received` for setting message expectations. Setup `described_class` as a spy using `allow` or `instance_spy`.", 1384559950],
    [155, 19, 12, "RSpec/ContextWording: Context description should match /^when\\b/, /^with\\b/, or /^without\\b/.", 124201728],
    [158, 46, 7, "RSpec/MessageSpies: Prefer `have_received` for setting message expectations. Setup `described_class` as a spy using `allow` or `instance_spy`.", 1384559950],
    [164, 46, 7, "RSpec/MessageSpies: Prefer `have_received` for setting message expectations. Setup `described_class` as a spy using `allow` or `instance_spy`.", 1384559950],
    [177, 36, 7, "RSpec/MessageSpies: Prefer `have_received` for setting message expectations. Setup `described_class` as a spy using `allow` or `instance_spy`.", 1384559950],
    [183, 36, 7, "RSpec/MessageSpies: Prefer `have_received` for setting message expectations. Setup `described_class` as a spy using `allow` or `instance_spy`.", 1384559950],
    [189, 40, 7, "RSpec/MessageSpies: Prefer `have_received` for setting message expectations. Setup `described_class` as a spy using `allow` or `instance_spy`.", 1384559950],
    [195, 36, 7, "RSpec/MessageSpies: Prefer `have_received` for setting message expectations. Setup `described_class` as a spy using `allow` or `instance_spy`.", 1384559950],
    [202, 40, 7, "RSpec/MessageSpies: Prefer `have_received` for setting message expectations. Setup `described_class` as a spy using `allow` or `instance_spy`.", 1384559950],
    [209, 36, 7, "RSpec/MessageSpies: Prefer `have_received` for setting message expectations. Setup `described_class` as a spy using `allow` or `instance_spy`.", 1384559950],
    [216, 40, 7, "RSpec/MessageSpies: Prefer `have_received` for setting message expectations. Setup `described_class` as a spy using `allow` or `instance_spy`.", 1384559950],
    [228, 36, 7, "RSpec/MessageSpies: Prefer `have_received` for setting message expectations. Setup `described_class` as a spy using `allow` or `instance_spy`.", 1384559950],
    [234, 36, 7, "RSpec/MessageSpies: Prefer `have_received` for setting message expectations. Setup `described_class` as a spy using `allow` or `instance_spy`.", 1384559950],
    [240, 40, 7, "RSpec/MessageSpies: Prefer `have_received` for setting message expectations. Setup `described_class` as a spy using `allow` or `instance_spy`.", 1384559950],
    [246, 36, 7, "RSpec/MessageSpies: Prefer `have_received` for setting message expectations. Setup `described_class` as a spy using `allow` or `instance_spy`.", 1384559950],
    [252, 36, 7, "RSpec/MessageSpies: Prefer `have_received` for setting message expectations. Setup `described_class` as a spy using `allow` or `instance_spy`.", 1384559950],
    [259, 40, 7, "RSpec/MessageSpies: Prefer `have_received` for setting message expectations. Setup `described_class` as a spy using `allow` or `instance_spy`.", 1384559950],
    [266, 36, 7, "RSpec/MessageSpies: Prefer `have_received` for setting message expectations. Setup `described_class` as a spy using `allow` or `instance_spy`.", 1384559950],
    [273, 40, 7, "RSpec/MessageSpies: Prefer `have_received` for setting message expectations. Setup `described_class` as a spy using `allow` or `instance_spy`.", 1384559950],
    [278, 13, 14, "RSpec/ContextWording: Context description should match /^when\\b/, /^with\\b/, or /^without\\b/.", 1341772134],
    [287, 36, 7, "RSpec/MessageSpies: Prefer `have_received` for setting message expectations. Setup `described_class` as a spy using `allow` or `instance_spy`.", 1384559950],
    [293, 40, 7, "RSpec/MessageSpies: Prefer `have_received` for setting message expectations. Setup `described_class` as a spy using `allow` or `instance_spy`.", 1384559950],
    [299, 15, 8, "RSpec/ContextWording: Context description should match /^when\\b/, /^with\\b/, or /^without\\b/.", 2080236924],
    [307, 40, 7, "RSpec/MessageSpies: Prefer `have_received` for setting message expectations. Setup `described_class` as a spy using `allow` or `instance_spy`.", 1384559950],
    [313, 44, 7, "RSpec/MessageSpies: Prefer `have_received` for setting message expectations. Setup `described_class` as a spy using `allow` or `instance_spy`.", 1384559950],
    [319, 15, 16, "RSpec/ContextWording: Context description should match /^when\\b/, /^with\\b/, or /^without\\b/.", 3664674875],
    [322, 42, 7, "RSpec/MessageSpies: Prefer `have_received` for setting message expectations. Setup `described_class` as a spy using `allow` or `instance_spy`.", 1384559950],
    [329, 40, 7, "RSpec/MessageSpies: Prefer `have_received` for setting message expectations. Setup `described_class` as a spy using `allow` or `instance_spy`.", 1384559950],
    [335, 44, 7, "RSpec/MessageSpies: Prefer `have_received` for setting message expectations. Setup `described_class` as a spy using `allow` or `instance_spy`.", 1384559950],
    [341, 15, 11, "RSpec/ContextWording: Context description should match /^when\\b/, /^with\\b/, or /^without\\b/.", 1437016546],
    [344, 17, 20, "RSpec/ContextWording: Context description should match /^when\\b/, /^with\\b/, or /^without\\b/.", 3485225367],
    [346, 40, 7, "RSpec/MessageSpies: Prefer `have_received` for setting message expectations. Setup `described_class` as a spy using `allow` or `instance_spy`.", 1384559950],
    [350, 19, 12, "RSpec/ContextWording: Context description should match /^when\\b/, /^with\\b/, or /^without\\b/.", 124201728],
    [353, 42, 7, "RSpec/MessageSpies: Prefer `have_received` for setting message expectations. Setup `described_class` as a spy using `allow` or `instance_spy`.", 1384559950],
    [359, 46, 7, "RSpec/MessageSpies: Prefer `have_received` for setting message expectations. Setup `described_class` as a spy using `allow` or `instance_spy`.", 1384559950],
    [365, 17, 24, "RSpec/ContextWording: Context description should match /^when\\b/, /^with\\b/, or /^without\\b/.", 487865602],
    [367, 44, 7, "RSpec/MessageSpies: Prefer `have_received` for setting message expectations. Setup `described_class` as a spy using `allow` or `instance_spy`.", 1384559950],
    [371, 19, 12, "RSpec/ContextWording: Context description should match /^when\\b/, /^with\\b/, or /^without\\b/.", 124201728],
    [374, 46, 7, "RSpec/MessageSpies: Prefer `have_received` for setting message expectations. Setup `described_class` as a spy using `allow` or `instance_spy`.", 1384559950],
    [380, 46, 7, "RSpec/MessageSpies: Prefer `have_received` for setting message expectations. Setup `described_class` as a spy using `allow` or `instance_spy`.", 1384559950],
    [387, 15, 21, "RSpec/ContextWording: Context description should match /^when\\b/, /^with\\b/, or /^without\\b/.", 880386561],
    [390, 17, 20, "RSpec/ContextWording: Context description should match /^when\\b/, /^with\\b/, or /^without\\b/.", 3485225367],
    [392, 40, 7, "RSpec/MessageSpies: Prefer `have_received` for setting message expectations. Setup `described_class` as a spy using `allow` or `instance_spy`.", 1384559950],
    [396, 19, 12, "RSpec/ContextWording: Context description should match /^when\\b/, /^with\\b/, or /^without\\b/.", 124201728],
    [399, 42, 7, "RSpec/MessageSpies: Prefer `have_received` for setting message expectations. Setup `described_class` as a spy using `allow` or `instance_spy`.", 1384559950],
    [405, 46, 7, "RSpec/MessageSpies: Prefer `have_received` for setting message expectations. Setup `described_class` as a spy using `allow` or `instance_spy`.", 1384559950],
    [411, 17, 24, "RSpec/ContextWording: Context description should match /^when\\b/, /^with\\b/, or /^without\\b/.", 487865602],
    [413, 44, 7, "RSpec/MessageSpies: Prefer `have_received` for setting message expectations. Setup `described_class` as a spy using `allow` or `instance_spy`.", 1384559950],
    [417, 19, 12, "RSpec/ContextWording: Context description should match /^when\\b/, /^with\\b/, or /^without\\b/.", 124201728],
    [420, 46, 7, "RSpec/MessageSpies: Prefer `have_received` for setting message expectations. Setup `described_class` as a spy using `allow` or `instance_spy`.", 1384559950],
    [426, 46, 7, "RSpec/MessageSpies: Prefer `have_received` for setting message expectations. Setup `described_class` as a spy using `allow` or `instance_spy`.", 1384559950]
  ]
}
