{
  "bin/bundle:247448467": [
    [64, 5, 20, "ThreadSafety/ClassInstanceVariable: Avoid class instance variables.", 2485198147]
  ],
  "lib/rspec/pending_for/build.rb:2179740600": [
    [91, 17, 38, "Style/ComparableBetween: Prefer `current_gemv.between?(b, e)` over logical comparison.", 2223453186],
    [97, 17, 40, "Style/ComparableBetween: Prefer `current_major.between?(b, e)` over logical comparison.", 1125480098]
  ],
  "spec/rspec/pending_for/build_spec.rb:791255635": [
    [63, 13, 24, "RSpec/ContextWording: Context description should match /^when\\b/, /^with\\b/, or /^without\\b/.", 408355943],
    [68, 7, 33, "RSpec/NestedGroups: Maximum example group nesting exceeded [4/3].", 1876682828],
    [68, 15, 25, "RSpec/ContextWording: Context description should match /^when\\b/, /^with\\b/, or /^without\\b/.", 2840368563],
    [74, 7, 40, "RSpec/NestedGroups: Maximum example group nesting exceeded [4/3].", 3464710386],
    [74, 15, 32, "RSpec/ContextWording: Context description should match /^when\\b/, /^with\\b/, or /^without\\b/.", 4291231789],
    [81, 13, 25, "RSpec/ContextWording: Context description should match /^when\\b/, /^with\\b/, or /^without\\b/.", 2840368563],
    [87, 13, 32, "RSpec/ContextWording: Context description should match /^when\\b/, /^with\\b/, or /^without\\b/.", 4291231789],
    [93, 13, 31, "RSpec/ContextWording: Context description should match /^when\\b/, /^with\\b/, or /^without\\b/.", 1078486521]
  ],
  "spec/rspec/pending_for_spec.rb:130012902": [
    [5, 3, 66, "RSpec/LeakyConstantDeclaration: Stub module constant instead of declaring explicitly.", 1909917830],
    [6, 5, 43, "RSpec/LeakyConstantDeclaration: Stub module constant instead of declaring explicitly.", 329490497],
    [16, 13, 14, "RSpec/ContextWording: Context description should match /^when\\b/, /^with\\b/, or /^without\\b/.", 1341772134],
    [23, 7, 42, "RSpec/MultipleExpectations: Example has too many expectations [2/1].", 3324085957],
    [25, 36, 7, "RSpec/MessageSpies: Prefer `have_received` for setting message expectations. Setup `described_class` as a spy using `allow` or `instance_spy`.", 1384559950],
    [29, 7, 54, "RSpec/MultipleExpectations: Example has too many expectations [2/1].", 1980544395],
    [31, 40, 7, "RSpec/MessageSpies: Prefer `have_received` for setting message expectations. Setup `described_class` as a spy using `allow` or `instance_spy`.", 1384559950],
    [37, 7, 16, "RSpec/NestedGroups: Maximum example group nesting exceeded [4/3].", 3752949411],
    [37, 15, 8, "RSpec/ContextWording: Context description should match /^when\\b/, /^with\\b/, or /^without\\b/.", 2080236924],
    [42, 9, 21, "RSpec/NestedGroups: Maximum example group nesting exceeded [5/3].", 2075750998],
    [43, 11, 42, "RSpec/MultipleExpectations: Example has too many expectations [2/1].", 3324085957],
    [45, 40, 7, "RSpec/MessageSpies: Prefer `have_received` for setting message expectations. Setup `described_class` as a spy using `allow` or `instance_spy`.", 1384559950],
    [49, 11, 54, "RSpec/MultipleExpectations: Example has too many expectations [2/1].", 1980544395],
    [51, 44, 7, "RSpec/MessageSpies: Prefer `have_received` for setting message expectations. Setup `described_class` as a spy using `allow` or `instance_spy`.", 1384559950],
    [57, 7, 24, "RSpec/NestedGroups: Maximum example group nesting exceeded [4/3].", 4258949348],
    [57, 15, 16, "RSpec/ContextWording: Context description should match /^when\\b/, /^with\\b/, or /^without\\b/.", 3664674875],
    [58, 9, 55, "RSpec/MultipleExpectations: Example has too many expectations [2/1].", 25540031],
    [60, 42, 7, "RSpec/MessageSpies: Prefer `have_received` for setting message expectations. Setup `described_class` as a spy using `allow` or `instance_spy`.", 1384559950],
    [64, 9, 21, "RSpec/NestedGroups: Maximum example group nesting exceeded [5/3].", 2075750998],
    [65, 11, 42, "RSpec/MultipleExpectations: Example has too many expectations [2/1].", 3324085957],
    [67, 40, 7, "RSpec/MessageSpies: Prefer `have_received` for setting message expectations. Setup `described_class` as a spy using `allow` or `instance_spy`.", 1384559950],
    [71, 11, 54, "RSpec/MultipleExpectations: Example has too many expectations [2/1].", 1980544395],
    [73, 44, 7, "RSpec/MessageSpies: Prefer `have_received` for setting message expectations. Setup `described_class` as a spy using `allow` or `instance_spy`.", 1384559950],
    [79, 7, 19, "RSpec/NestedGroups: Maximum example group nesting exceeded [4/3].", 1302290717],
    [79, 15, 11, "RSpec/ContextWording: Context description should match /^when\\b/, /^with\\b/, or /^without\\b/.", 1437016546],
    [82, 9, 28, "RSpec/NestedGroups: Maximum example group nesting exceeded [5/3].", 3381043592],
    [82, 17, 20, "RSpec/ContextWording: Context description should match /^when\\b/, /^with\\b/, or /^without\\b/.", 3485225367],
    [83, 11, 19, "RSpec/MultipleExpectations: Example has too many expectations [2/1].", 127870359],
    [84, 40, 7, "RSpec/MessageSpies: Prefer `have_received` for setting message expectations. Setup `described_class` as a spy using `allow` or `instance_spy`.", 1384559950],
    [88, 11, 20, "RSpec/NestedGroups: Maximum example group nesting exceeded [6/3].", 478902175],
    [88, 19, 12, "RSpec/ContextWording: Context description should match /^when\\b/, /^with\\b/, or /^without\\b/.", 124201728],
    [89, 13, 30, "RSpec/MultipleExpectations: Example has too many expectations [2/1].", 3351654303],
    [91, 42, 7, "RSpec/MessageSpies: Prefer `have_received` for setting message expectations. Setup `described_class` as a spy using `allow` or `instance_spy`.", 1384559950],
    [95, 13, 42, "RSpec/MultipleExpectations: Example has too many expectations [2/1].", 2069343153],
    [97, 46, 7, "RSpec/MessageSpies: Prefer `have_received` for setting message expectations. Setup `described_class` as a spy using `allow` or `instance_spy`.", 1384559950],
    [103, 9, 32, "RSpec/NestedGroups: Maximum example group nesting exceeded [5/3].", 1198914973],
    [103, 17, 24, "RSpec/ContextWording: Context description should match /^when\\b/, /^with\\b/, or /^without\\b/.", 487865602],
    [104, 11, 55, "RSpec/MultipleExpectations: Example has too many expectations [2/1].", 25540031],
    [105, 44, 7, "RSpec/MessageSpies: Prefer `have_received` for setting message expectations. Setup `described_class` as a spy using `allow` or `instance_spy`.", 1384559950],
    [109, 11, 20, "RSpec/NestedGroups: Maximum example group nesting exceeded [6/3].", 478902175],
    [109, 19, 12, "RSpec/ContextWording: Context description should match /^when\\b/, /^with\\b/, or /^without\\b/.", 124201728],
    [110, 13, 38, "RSpec/MultipleExpectations: Example has too many expectations [2/1].", 114494148],
    [112, 46, 7, "RSpec/MessageSpies: Prefer `have_received` for setting message expectations. Setup `described_class` as a spy using `allow` or `instance_spy`.", 1384559950],
    [116, 13, 42, "RSpec/MultipleExpectations: Example has too many expectations [2/1].", 2069343153],
    [118, 46, 7, "RSpec/MessageSpies: Prefer `have_received` for setting message expectations. Setup `described_class` as a spy using `allow` or `instance_spy`.", 1384559950],
    [125, 7, 29, "RSpec/NestedGroups: Maximum example group nesting exceeded [4/3].", 3326931710],
    [125, 15, 21, "RSpec/ContextWording: Context description should match /^when\\b/, /^with\\b/, or /^without\\b/.", 880386561],
    [128, 9, 28, "RSpec/NestedGroups: Maximum example group nesting exceeded [5/3].", 3381043592],
    [128, 17, 20, "RSpec/ContextWording: Context description should match /^when\\b/, /^with\\b/, or /^without\\b/.", 3485225367],
    [129, 11, 19, "RSpec/MultipleExpectations: Example has too many expectations [2/1].", 127870359],
    [130, 40, 7, "RSpec/MessageSpies: Prefer `have_received` for setting message expectations. Setup `described_class` as a spy using `allow` or `instance_spy`.", 1384559950],
    [134, 11, 20, "RSpec/NestedGroups: Maximum example group nesting exceeded [6/3].", 478902175],
    [134, 19, 12, "RSpec/ContextWording: Context description should match /^when\\b/, /^with\\b/, or /^without\\b/.", 124201728],
    [135, 13, 30, "RSpec/MultipleExpectations: Example has too many expectations [2/1].", 3351654303],
    [137, 42, 7, "RSpec/MessageSpies: Prefer `have_received` for setting message expectations. Setup `described_class` as a spy using `allow` or `instance_spy`.", 1384559950],
    [141, 13, 42, "RSpec/MultipleExpectations: Example has too many expectations [2/1].", 2069343153],
    [143, 46, 7, "RSpec/MessageSpies: Prefer `have_received` for setting message expectations. Setup `described_class` as a spy using `allow` or `instance_spy`.", 1384559950],
    [149, 9, 32, "RSpec/NestedGroups: Maximum example group nesting exceeded [5/3].", 1198914973],
    [149, 17, 24, "RSpec/ContextWording: Context description should match /^when\\b/, /^with\\b/, or /^without\\b/.", 487865602],
    [150, 11, 55, "RSpec/MultipleExpectations: Example has too many expectations [2/1].", 25540031],
    [151, 44, 7, "RSpec/MessageSpies: Prefer `have_received` for setting message expectations. Setup `described_class` as a spy using `allow` or `instance_spy`.", 1384559950],
    [155, 11, 20, "RSpec/NestedGroups: Maximum example group nesting exceeded [6/3].", 478902175],
    [155, 19, 12, "RSpec/ContextWording: Context description should match /^when\\b/, /^with\\b/, or /^without\\b/.", 124201728],
    [156, 13, 38, "RSpec/MultipleExpectations: Example has too many expectations [2/1].", 114494148],
    [158, 46, 7, "RSpec/MessageSpies: Prefer `have_received` for setting message expectations. Setup `described_class` as a spy using `allow` or `instance_spy`.", 1384559950],
    [162, 13, 42, "RSpec/MultipleExpectations: Example has too many expectations [2/1].", 2069343153],
    [164, 46, 7, "RSpec/MessageSpies: Prefer `have_received` for setting message expectations. Setup `described_class` as a spy using `allow` or `instance_spy`.", 1384559950],
    [175, 7, 73, "RSpec/MultipleExpectations: Example has too many expectations [2/1].", 1665009648],
    [177, 36, 7, "RSpec/MessageSpies: Prefer `have_received` for setting message expectations. Setup `described_class` as a spy using `allow` or `instance_spy`.", 1384559950],
    [181, 7, 85, "RSpec/MultipleExpectations: Example has too many expectations [2/1].", 3613642174],
    [183, 40, 7, "RSpec/MessageSpies: Prefer `have_received` for setting message expectations. Setup `described_class` as a spy using `allow` or `instance_spy`.", 1384559950],
    [187, 7, 60, "RSpec/MultipleExpectations: Example has too many expectations [2/1].", 80379905],
    [189, 36, 7, "RSpec/MessageSpies: Prefer `have_received` for setting message expectations. Setup `described_class` as a spy using `allow` or `instance_spy`.", 1384559950],
    [193, 7, 99, "RSpec/MultipleExpectations: Example has too many expectations [2/1].", 2555678890],
    [196, 40, 7, "RSpec/MessageSpies: Prefer `have_received` for setting message expectations. Setup `described_class` as a spy using `allow` or `instance_spy`.", 1384559950],
    [200, 7, 53, "RSpec/MultipleExpectations: Example has too many expectations [2/1].", 2623206309],
    [203, 36, 7, "RSpec/MessageSpies: Prefer `have_received` for setting message expectations. Setup `described_class` as a spy using `allow` or `instance_spy`.", 1384559950],
    [207, 7, 67, "RSpec/MultipleExpectations: Example has too many expectations [2/1].", 4223351171],
    [210, 40, 7, "RSpec/MessageSpies: Prefer `have_received` for setting message expectations. Setup `described_class` as a spy using `allow` or `instance_spy`.", 1384559950],
    [220, 7, 70, "RSpec/MultipleExpectations: Example has too many expectations [2/1].", 2288803022],
    [222, 36, 7, "RSpec/MessageSpies: Prefer `have_received` for setting message expectations. Setup `described_class` as a spy using `allow` or `instance_spy`.", 1384559950],
    [226, 7, 82, "RSpec/MultipleExpectations: Example has too many expectations [2/1].", 3226779296],
    [228, 40, 7, "RSpec/MessageSpies: Prefer `have_received` for setting message expectations. Setup `described_class` as a spy using `allow` or `instance_spy`.", 1384559950],
    [232, 7, 57, "RSpec/MultipleExpectations: Example has too many expectations [2/1].", 1521393855],
    [234, 36, 7, "RSpec/MessageSpies: Prefer `have_received` for setting message expectations. Setup `described_class` as a spy using `allow` or `instance_spy`.", 1384559950],
    [238, 7, 96, "RSpec/MultipleExpectations: Example has too many expectations [2/1].", 333479348],
    [241, 40, 7, "RSpec/MessageSpies: Prefer `have_received` for setting message expectations. Setup `described_class` as a spy using `allow` or `instance_spy`.", 1384559950],
    [245, 7, 53, "RSpec/MultipleExpectations: Example has too many expectations [2/1].", 2623206309],
    [248, 36, 7, "RSpec/MessageSpies: Prefer `have_received` for setting message expectations. Setup `described_class` as a spy using `allow` or `instance_spy`.", 1384559950],
    [252, 7, 67, "RSpec/MultipleExpectations: Example has too many expectations [2/1].", 2481147229],
    [255, 40, 7, "RSpec/MessageSpies: Prefer `have_received` for setting message expectations. Setup `described_class` as a spy using `allow` or `instance_spy`.", 1384559950],
    [260, 13, 14, "RSpec/ContextWording: Context description should match /^when\\b/, /^with\\b/, or /^without\\b/.", 1341772134],
    [267, 7, 39, "RSpec/MultipleExpectations: Example has too many expectations [2/1].", 3030076987],
    [269, 36, 7, "RSpec/MessageSpies: Prefer `have_received` for setting message expectations. Setup `described_class` as a spy using `allow` or `instance_spy`.", 1384559950],
    [273, 7, 51, "RSpec/MultipleExpectations: Example has too many expectations [2/1].", 2909887701],
    [275, 40, 7, "RSpec/MessageSpies: Prefer `have_received` for setting message expectations. Setup `described_class` as a spy using `allow` or `instance_spy`.", 1384559950],
    [281, 7, 16, "RSpec/NestedGroups: Maximum example group nesting exceeded [4/3].", 3752949411],
    [281, 15, 8, "RSpec/ContextWording: Context description should match /^when\\b/, /^with\\b/, or /^without\\b/.", 2080236924],
    [286, 9, 21, "RSpec/NestedGroups: Maximum example group nesting exceeded [5/3].", 2075750998],
    [287, 11, 39, "RSpec/MultipleExpectations: Example has too many expectations [2/1].", 3030076987],
    [289, 40, 7, "RSpec/MessageSpies: Prefer `have_received` for setting message expectations. Setup `described_class` as a spy using `allow` or `instance_spy`.", 1384559950],
    [293, 11, 51, "RSpec/MultipleExpectations: Example has too many expectations [2/1].", 2909887701],
    [295, 44, 7, "RSpec/MessageSpies: Prefer `have_received` for setting message expectations. Setup `described_class` as a spy using `allow` or `instance_spy`.", 1384559950],
    [301, 7, 24, "RSpec/NestedGroups: Maximum example group nesting exceeded [4/3].", 4258949348],
    [301, 15, 16, "RSpec/ContextWording: Context description should match /^when\\b/, /^with\\b/, or /^without\\b/.", 3664674875],
    [302, 9, 52, "RSpec/MultipleExpectations: Example has too many expectations [2/1].", 1021170209],
    [304, 42, 7, "RSpec/MessageSpies: Prefer `have_received` for setting message expectations. Setup `described_class` as a spy using `allow` or `instance_spy`.", 1384559950],
    [308, 9, 21, "RSpec/NestedGroups: Maximum example group nesting exceeded [5/3].", 2075750998],
    [309, 11, 39, "RSpec/MultipleExpectations: Example has too many expectations [2/1].", 3030076987],
    [311, 40, 7, "RSpec/MessageSpies: Prefer `have_received` for setting message expectations. Setup `described_class` as a spy using `allow` or `instance_spy`.", 1384559950],
    [315, 11, 51, "RSpec/MultipleExpectations: Example has too many expectations [2/1].", 2909887701],
    [317, 44, 7, "RSpec/MessageSpies: Prefer `have_received` for setting message expectations. Setup `described_class` as a spy using `allow` or `instance_spy`.", 1384559950],
    [323, 7, 19, "RSpec/NestedGroups: Maximum example group nesting exceeded [4/3].", 1302290717],
    [323, 15, 11, "RSpec/ContextWording: Context description should match /^when\\b/, /^with\\b/, or /^without\\b/.", 1437016546],
    [326, 9, 28, "RSpec/NestedGroups: Maximum example group nesting exceeded [5/3].", 3381043592],
    [326, 17, 20, "RSpec/ContextWording: Context description should match /^when\\b/, /^with\\b/, or /^without\\b/.", 3485225367],
    [327, 11, 16, "RSpec/MultipleExpectations: Example has too many expectations [2/1].", 2475291625],
    [328, 40, 7, "RSpec/MessageSpies: Prefer `have_received` for setting message expectations. Setup `described_class` as a spy using `allow` or `instance_spy`.", 1384559950],
    [332, 11, 20, "RSpec/NestedGroups: Maximum example group nesting exceeded [6/3].", 478902175],
    [332, 19, 12, "RSpec/ContextWording: Context description should match /^when\\b/, /^with\\b/, or /^without\\b/.", 124201728],
    [333, 13, 27, "RSpec/MultipleExpectations: Example has too many expectations [2/1].", 1670677217],
    [335, 42, 7, "RSpec/MessageSpies: Prefer `have_received` for setting message expectations. Setup `described_class` as a spy using `allow` or `instance_spy`.", 1384559950],
    [339, 13, 39, "RSpec/MultipleExpectations: Example has too many expectations [2/1].", 1819132303],
    [341, 46, 7, "RSpec/MessageSpies: Prefer `have_received` for setting message expectations. Setup `described_class` as a spy using `allow` or `instance_spy`.", 1384559950],
    [347, 9, 32, "RSpec/NestedGroups: Maximum example group nesting exceeded [5/3].", 1198914973],
    [347, 17, 24, "RSpec/ContextWording: Context description should match /^when\\b/, /^with\\b/, or /^without\\b/.", 487865602],
    [348, 11, 52, "RSpec/MultipleExpectations: Example has too many expectations [2/1].", 1021170209],
    [349, 44, 7, "RSpec/MessageSpies: Prefer `have_received` for setting message expectations. Setup `described_class` as a spy using `allow` or `instance_spy`.", 1384559950],
    [353, 11, 20, "RSpec/NestedGroups: Maximum example group nesting exceeded [6/3].", 478902175],
    [353, 19, 12, "RSpec/ContextWording: Context description should match /^when\\b/, /^with\\b/, or /^without\\b/.", 124201728],
    [354, 13, 35, "RSpec/MultipleExpectations: Example has too many expectations [2/1].", 4152563546],
    [356, 46, 7, "RSpec/MessageSpies: Prefer `have_received` for setting message expectations. Setup `described_class` as a spy using `allow` or `instance_spy`.", 1384559950],
    [360, 13, 39, "RSpec/MultipleExpectations: Example has too many expectations [2/1].", 1819132303],
    [362, 46, 7, "RSpec/MessageSpies: Prefer `have_received` for setting message expectations. Setup `described_class` as a spy using `allow` or `instance_spy`.", 1384559950],
    [369, 7, 29, "RSpec/NestedGroups: Maximum example group nesting exceeded [4/3].", 3326931710],
    [369, 15, 21, "RSpec/ContextWording: Context description should match /^when\\b/, /^with\\b/, or /^without\\b/.", 880386561],
    [372, 9, 28, "RSpec/NestedGroups: Maximum example group nesting exceeded [5/3].", 3381043592],
    [372, 17, 20, "RSpec/ContextWording: Context description should match /^when\\b/, /^with\\b/, or /^without\\b/.", 3485225367],
    [373, 11, 16, "RSpec/MultipleExpectations: Example has too many expectations [2/1].", 2475291625],
    [374, 40, 7, "RSpec/MessageSpies: Prefer `have_received` for setting message expectations. Setup `described_class` as a spy using `allow` or `instance_spy`.", 1384559950],
    [378, 11, 20, "RSpec/NestedGroups: Maximum example group nesting exceeded [6/3].", 478902175],
    [378, 19, 12, "RSpec/ContextWording: Context description should match /^when\\b/, /^with\\b/, or /^without\\b/.", 124201728],
    [379, 13, 27, "RSpec/MultipleExpectations: Example has too many expectations [2/1].", 1670677217],
    [381, 42, 7, "RSpec/MessageSpies: Prefer `have_received` for setting message expectations. Setup `described_class` as a spy using `allow` or `instance_spy`.", 1384559950],
    [385, 13, 39, "RSpec/MultipleExpectations: Example has too many expectations [2/1].", 1819132303],
    [387, 46, 7, "RSpec/MessageSpies: Prefer `have_received` for setting message expectations. Setup `described_class` as a spy using `allow` or `instance_spy`.", 1384559950],
    [393, 9, 32, "RSpec/NestedGroups: Maximum example group nesting exceeded [5/3].", 1198914973],
    [393, 17, 24, "RSpec/ContextWording: Context description should match /^when\\b/, /^with\\b/, or /^without\\b/.", 487865602],
    [394, 11, 52, "RSpec/MultipleExpectations: Example has too many expectations [2/1].", 1021170209],
    [395, 44, 7, "RSpec/MessageSpies: Prefer `have_received` for setting message expectations. Setup `described_class` as a spy using `allow` or `instance_spy`.", 1384559950],
    [399, 11, 20, "RSpec/NestedGroups: Maximum example group nesting exceeded [6/3].", 478902175],
    [399, 19, 12, "RSpec/ContextWording: Context description should match /^when\\b/, /^with\\b/, or /^without\\b/.", 124201728],
    [400, 13, 35, "RSpec/MultipleExpectations: Example has too many expectations [2/1].", 4152563546],
    [402, 46, 7, "RSpec/MessageSpies: Prefer `have_received` for setting message expectations. Setup `described_class` as a spy using `allow` or `instance_spy`.", 1384559950],
    [406, 13, 39, "RSpec/MultipleExpectations: Example has too many expectations [2/1].", 1819132303],
    [408, 46, 7, "RSpec/MessageSpies: Prefer `have_received` for setting message expectations. Setup `described_class` as a spy using `allow` or `instance_spy`.", 1384559950]
  ]
}
