{
  "README.md:862299502": [
    [197, 48, 7, "Style/StringLiterals: Prefer double-quoted strings unless you need single quotes to avoid extra backslashes for escaping.", 4073818430],
    [197, 57, 7, "Style/StringLiterals: Prefer double-quoted strings unless you need single quotes to avoid extra backslashes for escaping.", 3885558615],
    [197, 66, 7, "Style/StringLiterals: Prefer double-quoted strings unless you need single quotes to avoid extra backslashes for escaping.", 3885664310],
    [237, 47, 8, "Style/StringLiterals: Prefer double-quoted strings unless you need single quotes to avoid extra backslashes for escaping.", 3666182497],
    [237, 57, 7, "Style/StringLiterals: Prefer double-quoted strings unless you need single quotes to avoid extra backslashes for escaping.", 4000662801],
    [237, 66, 7, "Style/StringLiterals: Prefer double-quoted strings unless you need single quotes to avoid extra backslashes for escaping.", 4000557201],
    [306, 21, 5, "Style/StringLiterals: Prefer double-quoted strings unless you need single quotes to avoid extra backslashes for escaping.", 94279018],
    [306, 28, 5, "Style/StringLiterals: Prefer double-quoted strings unless you need single quotes to avoid extra backslashes for escaping.", 94278861],
    [306, 35, 5, "Style/StringLiterals: Prefer double-quoted strings unless you need single quotes to avoid extra backslashes for escaping.", 94278956],
    [306, 42, 5, "Style/StringLiterals: Prefer double-quoted strings unless you need single quotes to avoid extra backslashes for escaping.", 94278799],
    [306, 49, 5, "Style/StringLiterals: Prefer double-quoted strings unless you need single quotes to avoid extra backslashes for escaping.", 94278894],
    [306, 56, 5, "Style/StringLiterals: Prefer double-quoted strings unless you need single quotes to avoid extra backslashes for escaping.", 94384680],
    [306, 63, 5, "Style/StringLiterals: Prefer double-quoted strings unless you need single quotes to avoid extra backslashes for escaping.", 94384585]
  ],
  "lib/rspec/pending_for/build.rb:3162377662": [
    [109, 17, 38, "Style/ComparableBetween: Prefer `current_gemv.between?(b, e)` over logical comparison.", 2223453186],
    [115, 17, 40, "Style/ComparableBetween: Prefer `current_major.between?(b, e)` over logical comparison.", 1125480098]
  ],
  "spec/rspec/minor_version_matching_spec.rb:3872953912": [
    [3, 16, 49, "RSpec/DescribeClass: The first argument to describe should be the class or module being tested.", 3126525521],
    [6, 5, 74, "Lint/ConstantDefinitionInBlock: Do not define constants this way within a block.", 1925060230],
    [6, 5, 74, "RSpec/LeakyConstantDeclaration: Stub module constant instead of declaring explicitly.", 1925060230],
    [7, 7, 47, "RSpec/LeakyConstantDeclaration: Stub module constant instead of declaring explicitly.", 1366156481]
  ],
  "spec/rspec/pending_for/build_spec.rb:2057053357": [
    [182, 7, 6, "Lint/Syntax: unexpected token kENSURE\n(Using Ruby 2.0 parser; configure using `TargetRubyVersion` parameter, under `AllCops`)", 1164465823]
  ],
  "spec/rspec/pending_for_spec.rb:1500866243": [
    [177, 9, 6, "Lint/Syntax: unexpected token kENSURE\n(Using Ruby 2.0 parser; configure using `TargetRubyVersion` parameter, under `AllCops`)", 1164465823],
    [475, 9, 6, "Lint/Syntax: unexpected token kENSURE\n(Using Ruby 2.0 parser; configure using `TargetRubyVersion` parameter, under `AllCops`)", 1164465823]
  ]
}
